
Microsoft Visual Studio Solution File, Format Version 12.00
# Visual Studio Version 16
VisualStudioVersion = 16.0.31005.135
MinimumVisualStudioVersion = 10.0.40219.1
Project("{FAE04EC0-301F-11D3-BF4B-00C04F79EFBC}") = "Driver", "Driver\Driver.csproj", "{5B11623F-50F1-456D-8B4F-C851C23544C1}"
EndProject
Global
	GlobalSection(SolutionConfigurationPlatforms) = preSolution
		Debug|Any CPU = Debug|Any CPU
		Release|Any CPU = Release|Any CPU
	EndGlobalSection
	GlobalSection(ProjectConfigurationPlatforms) = postSolution
		{5B11623F-50F1-456D-8B4F-C851C23544C1}.Debug|Any CPU.ActiveCfg = Debug|Any CPU
		{5B11623F-50F1-456D-8B4F-C851C23544C1}.Debug|Any CPU.Build.0 = Debug|Any CPU
		{5B11623F-50F1-456D-8B4F-C851C23544C1}.Release|Any CPU.ActiveCfg = Release|Any CPU
		{5B11623F-50F1-456D-8B4F-C851C23544C1}.Release|Any CPU.Build.0 = Release|Any CPU
	EndGlobalSection
	GlobalSection(SolutionProperties) = preSolution
		HideSolutionNode = FALSE
	EndGlobalSection
	GlobalSection(ExtensibilityGlobals) = postSolution
		SolutionGuid = {CACF2674-E715-4040-8DC6-45ECBCF27A0D}
	EndGlobalSection
EndGlobal
